
Microsoft Visual Studio Solution File, Format Version 12.00
# Visual Studio 14
VisualStudioVersion = 14.0.24720.0
MinimumVisualStudioVersion = 10.0.40219.1
Project("{FAE04EC0-301F-11D3-BF4B-00C04F79EFBC}") = "AutomatedTellerMachine", "AutomatedTellerMachine\AutomatedTellerMachine.csproj", "{1E255C07-9A5C-4249-B926-9508436685B3}"
EndProject
Project("{FAE04EC0-301F-11D3-BF4B-00C04F79EFBC}") = "AutomatedTellerMachine.Tests", "AutomatedTellerMachine.Tests\AutomatedTellerMachine.Tests.csproj", "{66C6965E-1A0E-41DB-BD0C-4F41CD7DB7B8}"
EndProject
Global
	GlobalSection(SolutionConfigurationPlatforms) = preSolution
		Debug|Any CPU = Debug|Any CPU
		Release|Any CPU = Release|Any CPU
	EndGlobalSection
	GlobalSection(ProjectConfigurationPlatforms) = postSolution
		{1E255C07-9A5C-4249-B926-9508436685B3}.Debug|Any CPU.ActiveCfg = Debug|Any CPU
		{1E255C07-9A5C-4249-B926-9508436685B3}.Debug|Any CPU.Build.0 = Debug|Any CPU
		{1E255C07-9A5C-4249-B926-9508436685B3}.Release|Any CPU.ActiveCfg = Release|Any CPU
		{1E255C07-9A5C-4249-B926-9508436685B3}.Release|Any CPU.Build.0 = Release|Any CPU
		{66C6965E-1A0E-41DB-BD0C-4F41CD7DB7B8}.Debug|Any CPU.ActiveCfg = Debug|Any CPU
		{66C6965E-1A0E-41DB-BD0C-4F41CD7DB7B8}.Debug|Any CPU.Build.0 = Debug|Any CPU
		{66C6965E-1A0E-41DB-BD0C-4F41CD7DB7B8}.Release|Any CPU.ActiveCfg = Release|Any CPU
		{66C6965E-1A0E-41DB-BD0C-4F41CD7DB7B8}.Release|Any CPU.Build.0 = Release|Any CPU
	EndGlobalSection
	GlobalSection(SolutionProperties) = preSolution
		HideSolutionNode = FALSE
	EndGlobalSection
EndGlobal
